
Microsoft Visual Studio Solution File, Format Version 12.00
# Visual Studio Version 17
VisualStudioVersion = 17.6.33706.43
MinimumVisualStudioVersion = 10.0.40219.1
Project("{FAE04EC0-301F-11D3-BF4B-00C04F79EFBC}") = "SendLinkToiPhone", "SendLinkToiPhone\SendLinkToiPhone.csproj", "{960A5517-9E22-4BFE-8797-E8EC256DC4D6}"
EndProject
Global
	GlobalSection(SolutionConfigurationPlatforms) = preSolution
		Debug|Any CPU = Debug|Any CPU
		Release|Any CPU = Release|Any CPU
	EndGlobalSection
	GlobalSection(ProjectConfigurationPlatforms) = postSolution
		{960A5517-9E22-4BFE-8797-E8EC256DC4D6}.Debug|Any CPU.ActiveCfg = Debug|Any CPU
		{960A5517-9E22-4BFE-8797-E8EC256DC4D6}.Debug|Any CPU.Build.0 = Debug|Any CPU
		{960A5517-9E22-4BFE-8797-E8EC256DC4D6}.Release|Any CPU.ActiveCfg = Release|Any CPU
		{960A5517-9E22-4BFE-8797-E8EC256DC4D6}.Release|Any CPU.Build.0 = Release|Any CPU
	EndGlobalSection
	GlobalSection(SolutionProperties) = preSolution
		HideSolutionNode = FALSE
	EndGlobalSection
	GlobalSection(ExtensibilityGlobals) = postSolution
		SolutionGuid = {52E1330C-BEA7-4837-80A2-B393A59C8564}
	EndGlobalSection
EndGlobal
